// !$*UTF8*$!
{
	archiveVersion = 1;
	classes = {
	};
	objectVersion = 52;
	objects = {

/* Begin PBXBuildFile section */
		4B26B0EC27CF766A00DDBEC0 /* AppDelegate.swift in Sources */ = {isa = PBXBuildFile; fileRef = 4BDB87FA1DC0426A00E70D5B /* AppDelegate.swift */; };
		4B26B0EE27CF766A00DDBEC0 /* Assets.xcassets in Resources */ = {isa = PBXBuildFile; fileRef = 4BDB88011DC0426A00E70D5B /* Assets.xcassets */; };
		4B26B0EF27CF766A00DDBEC0 /* Launch Screen.storyboard in Resources */ = {isa = PBXBuildFile; fileRef = 4BDB880F1DC042F700E70D5B /* Launch Screen.storyboard */; };
		4B26B0F027CF766A00DDBEC0 /* Book.swift in Sources */ = {isa = PBXBuildFile; fileRef = 4B26B0D027CF60B900DDBEC0 /* Book.swift */; };
		4B26B0F127CF766A00DDBEC0 /* RootContainerViewController.swift in Sources */ = {isa = PBXBuildFile; fileRef = 4B26B0D227CF60E200DDBEC0 /* RootContainerViewController.swift */; };
		4B26B0F427CF767A00DDBEC0 /* StorybookKit in Frameworks */ = {isa = PBXBuildFile; productRef = 4B26B0F327CF767A00DDBEC0 /* StorybookKit */; };
		4B26B0F627CF767A00DDBEC0 /* StorybookUI in Frameworks */ = {isa = PBXBuildFile; productRef = 4B26B0F527CF767A00DDBEC0 /* StorybookUI */; };
		4B26B0F727CF767A00DDBEC0 /* NextGrowingTextView.framework in Frameworks */ = {isa = PBXBuildFile; fileRef = 4BDB87E51DC0423F00E70D5B /* NextGrowingTextView.framework */; };
		4B26B0F827CF767A00DDBEC0 /* NextGrowingTextView.framework in Embed Frameworks */ = {isa = PBXBuildFile; fileRef = 4BDB87E51DC0423F00E70D5B /* NextGrowingTextView.framework */; settings = {ATTRIBUTES = (CodeSignOnCopy, RemoveHeadersOnCopy, ); }; };
		4B26B0FD27CF775200DDBEC0 /* CenteringViewController.swift in Sources */ = {isa = PBXBuildFile; fileRef = 4B26B0FC27CF775200DDBEC0 /* CenteringViewController.swift */; };
		4B26B10227CF77B600DDBEC0 /* MondrianLayout in Frameworks */ = {isa = PBXBuildFile; productRef = 4B26B10127CF77B600DDBEC0 /* MondrianLayout */; };
		4B26B10727CF782000DDBEC0 /* CompositionKit in Frameworks */ = {isa = PBXBuildFile; productRef = 4B26B10627CF782000DDBEC0 /* CompositionKit */; };
		4B26B10C27CF7A6B00DDBEC0 /* TypedTextAttributes in Frameworks */ = {isa = PBXBuildFile; productRef = 4B26B10B27CF7A6B00DDBEC0 /* TypedTextAttributes */; };
		4BDB87F21DC0425600E70D5B /* NextGrowingInternalTextView.swift in Sources */ = {isa = PBXBuildFile; fileRef = 4BDB87F01DC0425600E70D5B /* NextGrowingInternalTextView.swift */; };
		4BDB87F31DC0425600E70D5B /* NextGrowingTextView.swift in Sources */ = {isa = PBXBuildFile; fileRef = 4BDB87F11DC0425600E70D5B /* NextGrowingTextView.swift */; };
/* End PBXBuildFile section */

/* Begin PBXContainerItemProxy section */
		4B26B0F927CF767A00DDBEC0 /* PBXContainerItemProxy */ = {
			isa = PBXContainerItemProxy;
			containerPortal = 4BDB87DC1DC0423F00E70D5B /* Project object */;
			proxyType = 1;
			remoteGlobalIDString = 4BDB87E41DC0423F00E70D5B;
			remoteInfo = NextGrowingTextView;
		};
/* End PBXContainerItemProxy section */

/* Begin PBXCopyFilesBuildPhase section */
		4B26B0FB27CF767A00DDBEC0 /* Embed Frameworks */ = {
			isa = PBXCopyFilesBuildPhase;
			buildActionMask = 2147483647;
			dstPath = "";
			dstSubfolderSpec = 10;
			files = (
				4B26B0F827CF767A00DDBEC0 /* NextGrowingTextView.framework in Embed Frameworks */,
			);
			name = "Embed Frameworks";
			runOnlyForDeploymentPostprocessing = 0;
		};
/* End PBXCopyFilesBuildPhase section */

/* Begin PBXFileReference section */
		4B26B0D027CF60B900DDBEC0 /* Book.swift */ = {isa = PBXFileReference; lastKnownFileType = sourcecode.swift; path = Book.swift; sourceTree = "<group>"; };
		4B26B0D227CF60E200DDBEC0 /* RootContainerViewController.swift */ = {isa = PBXFileReference; lastKnownFileType = sourcecode.swift; path = RootContainerViewController.swift; sourceTree = "<group>"; };
		4B26B0D827CF761700DDBEC0 /* NextGrowingTextView-Demo.app */ = {isa = PBXFileReference; explicitFileType = wrapper.application; includeInIndex = 0; path = "NextGrowingTextView-Demo.app"; sourceTree = BUILT_PRODUCTS_DIR; };
		4B26B0FC27CF775200DDBEC0 /* CenteringViewController.swift */ = {isa = PBXFileReference; lastKnownFileType = sourcecode.swift; path = CenteringViewController.swift; sourceTree = "<group>"; };
		4B26B10D27CF7A8B00DDBEC0 /* Package.swift */ = {isa = PBXFileReference; lastKnownFileType = sourcecode.swift; path = Package.swift; sourceTree = "<group>"; };
		4BDB87E51DC0423F00E70D5B /* NextGrowingTextView.framework */ = {isa = PBXFileReference; explicitFileType = wrapper.framework; includeInIndex = 0; path = NextGrowingTextView.framework; sourceTree = BUILT_PRODUCTS_DIR; };
		4BDB87F01DC0425600E70D5B /* NextGrowingInternalTextView.swift */ = {isa = PBXFileReference; fileEncoding = 4; lastKnownFileType = sourcecode.swift; path = NextGrowingInternalTextView.swift; sourceTree = "<group>"; };
		4BDB87F11DC0425600E70D5B /* NextGrowingTextView.swift */ = {isa = PBXFileReference; fileEncoding = 4; indentWidth = 2; lastKnownFileType = sourcecode.swift; path = NextGrowingTextView.swift; sourceTree = "<group>"; tabWidth = 2; };
		4BDB87FA1DC0426A00E70D5B /* AppDelegate.swift */ = {isa = PBXFileReference; lastKnownFileType = sourcecode.swift; path = AppDelegate.swift; sourceTree = "<group>"; };
		4BDB88011DC0426A00E70D5B /* Assets.xcassets */ = {isa = PBXFileReference; lastKnownFileType = folder.assetcatalog; path = Assets.xcassets; sourceTree = "<group>"; };
		4BDB880F1DC042F700E70D5B /* Launch Screen.storyboard */ = {isa = PBXFileReference; fileEncoding = 4; lastKnownFileType = file.storyboard; path = "Launch Screen.storyboard"; sourceTree = "<group>"; };
/* End PBXFileReference section */

/* Begin PBXFrameworksBuildPhase section */
		4B26B0D527CF761700DDBEC0 /* Frameworks */ = {
			isa = PBXFrameworksBuildPhase;
			buildActionMask = 2147483647;
			files = (
				4B26B10227CF77B600DDBEC0 /* MondrianLayout in Frameworks */,
				4B26B10727CF782000DDBEC0 /* CompositionKit in Frameworks */,
				4B26B0F427CF767A00DDBEC0 /* StorybookKit in Frameworks */,
				4B26B10C27CF7A6B00DDBEC0 /* TypedTextAttributes in Frameworks */,
				4B26B0F727CF767A00DDBEC0 /* NextGrowingTextView.framework in Frameworks */,
				4B26B0F627CF767A00DDBEC0 /* StorybookUI in Frameworks */,
			);
			runOnlyForDeploymentPostprocessing = 0;
		};
		4BDB87E11DC0423F00E70D5B /* Frameworks */ = {
			isa = PBXFrameworksBuildPhase;
			buildActionMask = 2147483647;
			files = (
			);
			runOnlyForDeploymentPostprocessing = 0;
		};
/* End PBXFrameworksBuildPhase section */

/* Begin PBXGroup section */
		4B26B0D927CF761700DDBEC0 /* NextGrowingTextView-Demo */ = {
			isa = PBXGroup;
			children = (
				4BDB87FA1DC0426A00E70D5B /* AppDelegate.swift */,
				4BDB88011DC0426A00E70D5B /* Assets.xcassets */,
				4BDB880F1DC042F700E70D5B /* Launch Screen.storyboard */,
				4B26B0D027CF60B900DDBEC0 /* Book.swift */,
				4B26B0D227CF60E200DDBEC0 /* RootContainerViewController.swift */,
				4B26B0FC27CF775200DDBEC0 /* CenteringViewController.swift */,
			);
			path = "NextGrowingTextView-Demo";
			sourceTree = "<group>";
		};
		4B26B0F227CF767A00DDBEC0 /* Frameworks */ = {
			isa = PBXGroup;
			children = (
			);
			name = Frameworks;
			sourceTree = "<group>";
		};
		4BDB87DB1DC0423F00E70D5B = {
			isa = PBXGroup;
			children = (
				4B26B10D27CF7A8B00DDBEC0 /* Package.swift */,
				4BDB87E71DC0423F00E70D5B /* NextGrowingTextView */,
				4B26B0D927CF761700DDBEC0 /* NextGrowingTextView-Demo */,
				4BDB87E61DC0423F00E70D5B /* Products */,
				4B26B0F227CF767A00DDBEC0 /* Frameworks */,
			);
			indentWidth = 2;
			sourceTree = "<group>";
			tabWidth = 2;
		};
		4BDB87E61DC0423F00E70D5B /* Products */ = {
			isa = PBXGroup;
			children = (
				4BDB87E51DC0423F00E70D5B /* NextGrowingTextView.framework */,
				4B26B0D827CF761700DDBEC0 /* NextGrowingTextView-Demo.app */,
			);
			name = Products;
			sourceTree = "<group>";
		};
		4BDB87E71DC0423F00E70D5B /* NextGrowingTextView */ = {
			isa = PBXGroup;
			children = (
				4BDB87F01DC0425600E70D5B /* NextGrowingInternalTextView.swift */,
				4BDB87F11DC0425600E70D5B /* NextGrowingTextView.swift */,
			);
			path = NextGrowingTextView;
			sourceTree = "<group>";
		};
/* End PBXGroup section */

/* Begin PBXHeadersBuildPhase section */
		4BDB87E21DC0423F00E70D5B /* Headers */ = {
			isa = PBXHeadersBuildPhase;
			buildActionMask = 2147483647;
			files = (
			);
			runOnlyForDeploymentPostprocessing = 0;
		};
/* End PBXHeadersBuildPhase section */

/* Begin PBXNativeTarget section */
		4B26B0D727CF761700DDBEC0 /* NextGrowingTextView-Demo */ = {
			isa = PBXNativeTarget;
			buildConfigurationList = 4B26B0E927CF761800DDBEC0 /* Build configuration list for PBXNativeTarget "NextGrowingTextView-Demo" */;
			buildPhases = (
				4B26B0D427CF761700DDBEC0 /* Sources */,
				4B26B0D527CF761700DDBEC0 /* Frameworks */,
				4B26B0D627CF761700DDBEC0 /* Resources */,
				4B26B0FB27CF767A00DDBEC0 /* Embed Frameworks */,
			);
			buildRules = (
			);
			dependencies = (
				4B26B0FA27CF767A00DDBEC0 /* PBXTargetDependency */,
			);
			name = "NextGrowingTextView-Demo";
			packageProductDependencies = (
				4B26B0F327CF767A00DDBEC0 /* StorybookKit */,
				4B26B0F527CF767A00DDBEC0 /* StorybookUI */,
				4B26B10127CF77B600DDBEC0 /* MondrianLayout */,
				4B26B10627CF782000DDBEC0 /* CompositionKit */,
				4B26B10B27CF7A6B00DDBEC0 /* TypedTextAttributes */,
			);
			productName = "NextGrowingTextView-Demo";
			productReference = 4B26B0D827CF761700DDBEC0 /* NextGrowingTextView-Demo.app */;
			productType = "com.apple.product-type.application";
		};
		4BDB87E41DC0423F00E70D5B /* NextGrowingTextView */ = {
			isa = PBXNativeTarget;
			buildConfigurationList = 4BDB87ED1DC0423F00E70D5B /* Build configuration list for PBXNativeTarget "NextGrowingTextView" */;
			buildPhases = (
				4BDB87E01DC0423F00E70D5B /* Sources */,
				4BDB87E11DC0423F00E70D5B /* Frameworks */,
				4BDB87E21DC0423F00E70D5B /* Headers */,
				4BDB87E31DC0423F00E70D5B /* Resources */,
			);
			buildRules = (
			);
			dependencies = (
			);
			name = NextGrowingTextView;
			packageProductDependencies = (
			);
			productName = NextGrowingTextView;
			productReference = 4BDB87E51DC0423F00E70D5B /* NextGrowingTextView.framework */;
			productType = "com.apple.product-type.framework";
		};
/* End PBXNativeTarget section */

/* Begin PBXProject section */
		4BDB87DC1DC0423F00E70D5B /* Project object */ = {
			isa = PBXProject;
			attributes = {
				LastSwiftUpdateCheck = 1330;
				LastUpgradeCheck = 1300;
				ORGANIZATIONNAME = muukii;
				TargetAttributes = {
					4B26B0D727CF761700DDBEC0 = {
						CreatedOnToolsVersion = 13.3;
					};
					4BDB87E41DC0423F00E70D5B = {
						CreatedOnToolsVersion = 8.0;
						DevelopmentTeam = KU2QEJ9K3Z;
						LastSwiftMigration = 0800;
						ProvisioningStyle = Automatic;
					};
				};
			};
			buildConfigurationList = 4BDB87DF1DC0423F00E70D5B /* Build configuration list for PBXProject "NextGrowingTextView" */;
			compatibilityVersion = "Xcode 3.2";
			developmentRegion = English;
			hasScannedForEncodings = 0;
			knownRegions = (
				English,
				en,
				Base,
			);
			mainGroup = 4BDB87DB1DC0423F00E70D5B;
			packageReferences = (
				4B26B0CB27CF606400DDBEC0 /* XCRemoteSwiftPackageReference "Storybook-ios" */,
				4B26B0FE27CF77A900DDBEC0 /* XCRemoteSwiftPackageReference "MondrianLayout" */,
				4B26B10327CF780F00DDBEC0 /* XCRemoteSwiftPackageReference "CompositionKit" */,
				4B26B10827CF7A5D00DDBEC0 /* XCRemoteSwiftPackageReference "TypedTextAttributes" */,
			);
			productRefGroup = 4BDB87E61DC0423F00E70D5B /* Products */;
			projectDirPath = "";
			projectRoot = "";
			targets = (
				4BDB87E41DC0423F00E70D5B /* NextGrowingTextView */,
				4B26B0D727CF761700DDBEC0 /* NextGrowingTextView-Demo */,
			);
		};
/* End PBXProject section */

/* Begin PBXResourcesBuildPhase section */
		4B26B0D627CF761700DDBEC0 /* Resources */ = {
			isa = PBXResourcesBuildPhase;
			buildActionMask = 2147483647;
			files = (
				4B26B0EF27CF766A00DDBEC0 /* Launch Screen.storyboard in Resources */,
				4B26B0EE27CF766A00DDBEC0 /* Assets.xcassets in Resources */,
			);
			runOnlyForDeploymentPostprocessing = 0;
		};
		4BDB87E31DC0423F00E70D5B /* Resources */ = {
			isa = PBXResourcesBuildPhase;
			buildActionMask = 2147483647;
			files = (
			);
			runOnlyForDeploymentPostprocessing = 0;
		};
/* End PBXResourcesBuildPhase section */

/* Begin PBXSourcesBuildPhase section */
		4B26B0D427CF761700DDBEC0 /* Sources */ = {
			isa = PBXSourcesBuildPhase;
			buildActionMask = 2147483647;
			files = (
				4B26B0EC27CF766A00DDBEC0 /* AppDelegate.swift in Sources */,
				4B26B0FD27CF775200DDBEC0 /* CenteringViewController.swift in Sources */,
				4B26B0F127CF766A00DDBEC0 /* RootContainerViewController.swift in Sources */,
				4B26B0F027CF766A00DDBEC0 /* Book.swift in Sources */,
			);
			runOnlyForDeploymentPostprocessing = 0;
		};
		4BDB87E01DC0423F00E70D5B /* Sources */ = {
			isa = PBXSourcesBuildPhase;
			buildActionMask = 2147483647;
			files = (
				4BDB87F31DC0425600E70D5B /* NextGrowingTextView.swift in Sources */,
				4BDB87F21DC0425600E70D5B /* NextGrowingInternalTextView.swift in Sources */,
			);
			runOnlyForDeploymentPostprocessing = 0;
		};
/* End PBXSourcesBuildPhase section */

/* Begin PBXTargetDependency section */
		4B26B0FA27CF767A00DDBEC0 /* PBXTargetDependency */ = {
			isa = PBXTargetDependency;
			target = 4BDB87E41DC0423F00E70D5B /* NextGrowingTextView */;
			targetProxy = 4B26B0F927CF767A00DDBEC0 /* PBXContainerItemProxy */;
		};
/* End PBXTargetDependency section */

/* Begin XCBuildConfiguration section */
		4B26B0EA27CF761800DDBEC0 /* Debug */ = {
			isa = XCBuildConfiguration;
			buildSettings = {
				ASSETCATALOG_COMPILER_APPICON_NAME = AppIcon;
				ASSETCATALOG_COMPILER_GLOBAL_ACCENT_COLOR_NAME = AccentColor;
				CLANG_ANALYZER_NUMBER_OBJECT_CONVERSION = YES_AGGRESSIVE;
				CLANG_CXX_LANGUAGE_STANDARD = "gnu++17";
				CLANG_ENABLE_OBJC_WEAK = YES;
				CLANG_WARN_UNGUARDED_AVAILABILITY = YES_AGGRESSIVE;
				CODE_SIGN_STYLE = Automatic;
				CURRENT_PROJECT_VERSION = 1;
				GCC_C_LANGUAGE_STANDARD = gnu11;
				GENERATE_INFOPLIST_FILE = YES;
				INFOPLIST_KEY_UIApplicationSupportsIndirectInputEvents = YES;
				INFOPLIST_KEY_UILaunchStoryboardName = LaunchScreen;
				INFOPLIST_KEY_UISupportedInterfaceOrientations_iPad = "UIInterfaceOrientationPortrait UIInterfaceOrientationPortraitUpsideDown UIInterfaceOrientationLandscapeLeft UIInterfaceOrientationLandscapeRight";
				INFOPLIST_KEY_UISupportedInterfaceOrientations_iPhone = "UIInterfaceOrientationPortrait UIInterfaceOrientationLandscapeLeft UIInterfaceOrientationLandscapeRight";
				IPHONEOS_DEPLOYMENT_TARGET = 13.0;
				LD_RUNPATH_SEARCH_PATHS = (
					"$(inherited)",
					"@executable_path/Frameworks",
				);
				MARKETING_VERSION = 1.0;
				MTL_ENABLE_DEBUG_INFO = INCLUDE_SOURCE;
				MTL_FAST_MATH = YES;
				PRODUCT_BUNDLE_IDENTIFIER = "app.muukii.NextGrowingTextView-Demo";
				PRODUCT_NAME = "$(TARGET_NAME)";
				SWIFT_EMIT_LOC_STRINGS = YES;
				SWIFT_VERSION = 5.0;
				TARGETED_DEVICE_FAMILY = "1,2";
			};
			name = Debug;
		};
		4B26B0EB27CF761800DDBEC0 /* Release */ = {
			isa = XCBuildConfiguration;
			buildSettings = {
				ASSETCATALOG_COMPILER_APPICON_NAME = AppIcon;
				ASSETCATALOG_COMPILER_GLOBAL_ACCENT_COLOR_NAME = AccentColor;
				CLANG_ANALYZER_NUMBER_OBJECT_CONVERSION = YES_AGGRESSIVE;
				CLANG_CXX_LANGUAGE_STANDARD = "gnu++17";
				CLANG_ENABLE_OBJC_WEAK = YES;
				CLANG_WARN_UNGUARDED_AVAILABILITY = YES_AGGRESSIVE;
				CODE_SIGN_STYLE = Automatic;
				CURRENT_PROJECT_VERSION = 1;
				GCC_C_LANGUAGE_STANDARD = gnu11;
				GENERATE_INFOPLIST_FILE = YES;
				INFOPLIST_KEY_UIApplicationSupportsIndirectInputEvents = YES;
				INFOPLIST_KEY_UILaunchStoryboardName = LaunchScreen;
				INFOPLIST_KEY_UISupportedInterfaceOrientations_iPad = "UIInterfaceOrientationPortrait UIInterfaceOrientationPortraitUpsideDown UIInterfaceOrientationLandscapeLeft UIInterfaceOrientationLandscapeRight";
				INFOPLIST_KEY_UISupportedInterfaceOrientations_iPhone = "UIInterfaceOrientationPortrait UIInterfaceOrientationLandscapeLeft UIInterfaceOrientationLandscapeRight";
				IPHONEOS_DEPLOYMENT_TARGET = 13.0;
				LD_RUNPATH_SEARCH_PATHS = (
					"$(inherited)",
					"@executable_path/Frameworks",
				);
				MARKETING_VERSION = 1.0;
				MTL_FAST_MATH = YES;
				PRODUCT_BUNDLE_IDENTIFIER = "app.muukii.NextGrowingTextView-Demo";
				PRODUCT_NAME = "$(TARGET_NAME)";
				SWIFT_EMIT_LOC_STRINGS = YES;
				SWIFT_VERSION = 5.0;
				TARGETED_DEVICE_FAMILY = "1,2";
			};
			name = Release;
		};
		4BDB87EB1DC0423F00E70D5B /* Debug */ = {
			isa = XCBuildConfiguration;
			buildSettings = {
				ALWAYS_SEARCH_USER_PATHS = NO;
				CLANG_ANALYZER_LOCALIZABILITY_NONLOCALIZED = YES;
				CLANG_ANALYZER_NONNULL = YES;
				CLANG_CXX_LANGUAGE_STANDARD = "gnu++0x";
				CLANG_CXX_LIBRARY = "libc++";
				CLANG_ENABLE_MODULES = YES;
				CLANG_ENABLE_OBJC_ARC = YES;
				CLANG_WARN_BLOCK_CAPTURE_AUTORELEASING = YES;
				CLANG_WARN_BOOL_CONVERSION = YES;
				CLANG_WARN_COMMA = YES;
				CLANG_WARN_CONSTANT_CONVERSION = YES;
				CLANG_WARN_DEPRECATED_OBJC_IMPLEMENTATIONS = YES;
				CLANG_WARN_DIRECT_OBJC_ISA_USAGE = YES_ERROR;
				CLANG_WARN_DOCUMENTATION_COMMENTS = YES;
				CLANG_WARN_EMPTY_BODY = YES;
				CLANG_WARN_ENUM_CONVERSION = YES;
				CLANG_WARN_INFINITE_RECURSION = YES;
				CLANG_WARN_INT_CONVERSION = YES;
				CLANG_WARN_NON_LITERAL_NULL_CONVERSION = YES;
				CLANG_WARN_OBJC_IMPLICIT_RETAIN_SELF = YES;
				CLANG_WARN_OBJC_LITERAL_CONVERSION = YES;
				CLANG_WARN_OBJC_ROOT_CLASS = YES_ERROR;
				CLANG_WARN_QUOTED_INCLUDE_IN_FRAMEWORK_HEADER = YES;
				CLANG_WARN_RANGE_LOOP_ANALYSIS = YES;
				CLANG_WARN_STRICT_PROTOTYPES = YES;
				CLANG_WARN_SUSPICIOUS_MOVE = YES;
				CLANG_WARN_SUSPICIOUS_MOVES = YES;
				CLANG_WARN_UNREACHABLE_CODE = YES;
				CLANG_WARN__DUPLICATE_METHOD_MATCH = YES;
				"CODE_SIGN_IDENTITY[sdk=iphoneos*]" = "iPhone Developer";
				COPY_PHASE_STRIP = NO;
				CURRENT_PROJECT_VERSION = 1;
				DEBUG_INFORMATION_FORMAT = dwarf;
				ENABLE_STRICT_OBJC_MSGSEND = YES;
				ENABLE_TESTABILITY = YES;
				GCC_C_LANGUAGE_STANDARD = gnu99;
				GCC_DYNAMIC_NO_PIC = NO;
				GCC_NO_COMMON_BLOCKS = YES;
				GCC_OPTIMIZATION_LEVEL = 0;
				GCC_PREPROCESSOR_DEFINITIONS = (
					"DEBUG=1",
					"$(inherited)",
				);
				GCC_WARN_64_TO_32_BIT_CONVERSION = YES;
				GCC_WARN_ABOUT_RETURN_TYPE = YES_ERROR;
				GCC_WARN_UNDECLARED_SELECTOR = YES;
				GCC_WARN_UNINITIALIZED_AUTOS = YES_AGGRESSIVE;
				GCC_WARN_UNUSED_FUNCTION = YES;
				GCC_WARN_UNUSED_VARIABLE = YES;
				IPHONEOS_DEPLOYMENT_TARGET = 8.0;
				MTL_ENABLE_DEBUG_INFO = YES;
				ONLY_ACTIVE_ARCH = YES;
				SDKROOT = iphoneos;
				SWIFT_ACTIVE_COMPILATION_CONDITIONS = DEBUG;
				SWIFT_OPTIMIZATION_LEVEL = "-Onone";
				SWIFT_VERSION = 5.0;
				TARGETED_DEVICE_FAMILY = "1,2";
				VERSIONING_SYSTEM = "apple-generic";
				VERSION_INFO_PREFIX = "";
			};
			name = Debug;
		};
		4BDB87EC1DC0423F00E70D5B /* Release */ = {
			isa = XCBuildConfiguration;
			buildSettings = {
				ALWAYS_SEARCH_USER_PATHS = NO;
				CLANG_ANALYZER_LOCALIZABILITY_NONLOCALIZED = YES;
				CLANG_ANALYZER_NONNULL = YES;
				CLANG_CXX_LANGUAGE_STANDARD = "gnu++0x";
				CLANG_CXX_LIBRARY = "libc++";
				CLANG_ENABLE_MODULES = YES;
				CLANG_ENABLE_OBJC_ARC = YES;
				CLANG_WARN_BLOCK_CAPTURE_AUTORELEASING = YES;
				CLANG_WARN_BOOL_CONVERSION = YES;
				CLANG_WARN_COMMA = YES;
				CLANG_WARN_CONSTANT_CONVERSION = YES;
				CLANG_WARN_DEPRECATED_OBJC_IMPLEMENTATIONS = YES;
				CLANG_WARN_DIRECT_OBJC_ISA_USAGE = YES_ERROR;
				CLANG_WARN_DOCUMENTATION_COMMENTS = YES;
				CLANG_WARN_EMPTY_BODY = YES;
				CLANG_WARN_ENUM_CONVERSION = YES;
				CLANG_WARN_INFINITE_RECURSION = YES;
				CLANG_WARN_INT_CONVERSION = YES;
				CLANG_WARN_NON_LITERAL_NULL_CONVERSION = YES;
				CLANG_WARN_OBJC_IMPLICIT_RETAIN_SELF = YES;
				CLANG_WARN_OBJC_LITERAL_CONVERSION = YES;
				CLANG_WARN_OBJC_ROOT_CLASS = YES_ERROR;
				CLANG_WARN_QUOTED_INCLUDE_IN_FRAMEWORK_HEADER = YES;
				CLANG_WARN_RANGE_LOOP_ANALYSIS = YES;
				CLANG_WARN_STRICT_PROTOTYPES = YES;
				CLANG_WARN_SUSPICIOUS_MOVE = YES;
				CLANG_WARN_SUSPICIOUS_MOVES = YES;
				CLANG_WARN_UNREACHABLE_CODE = YES;
				CLANG_WARN__DUPLICATE_METHOD_MATCH = YES;
				"CODE_SIGN_IDENTITY[sdk=iphoneos*]" = "iPhone Developer";
				COPY_PHASE_STRIP = NO;
				CURRENT_PROJECT_VERSION = 1;
				DEBUG_INFORMATION_FORMAT = "dwarf-with-dsym";
				ENABLE_NS_ASSERTIONS = NO;
				ENABLE_STRICT_OBJC_MSGSEND = YES;
				GCC_C_LANGUAGE_STANDARD = gnu99;
				GCC_NO_COMMON_BLOCKS = YES;
				GCC_WARN_64_TO_32_BIT_CONVERSION = YES;
				GCC_WARN_ABOUT_RETURN_TYPE = YES_ERROR;
				GCC_WARN_UNDECLARED_SELECTOR = YES;
				GCC_WARN_UNINITIALIZED_AUTOS = YES_AGGRESSIVE;
				GCC_WARN_UNUSED_FUNCTION = YES;
				GCC_WARN_UNUSED_VARIABLE = YES;
				IPHONEOS_DEPLOYMENT_TARGET = 8.0;
				MTL_ENABLE_DEBUG_INFO = NO;
				SDKROOT = iphoneos;
				SWIFT_COMPILATION_MODE = wholemodule;
				SWIFT_OPTIMIZATION_LEVEL = "-O";
				SWIFT_VERSION = 5.0;
				TARGETED_DEVICE_FAMILY = "1,2";
				VALIDATE_PRODUCT = YES;
				VERSIONING_SYSTEM = "apple-generic";
				VERSION_INFO_PREFIX = "";
			};
			name = Release;
		};
		4BDB87EE1DC0423F00E70D5B /* Debug */ = {
			isa = XCBuildConfiguration;
			buildSettings = {
				CLANG_ENABLE_MODULES = YES;
				CODE_SIGN_IDENTITY = "";
				DEFINES_MODULE = YES;
				DEVELOPMENT_TEAM = KU2QEJ9K3Z;
				DYLIB_COMPATIBILITY_VERSION = 1;
				DYLIB_CURRENT_VERSION = 1;
				DYLIB_INSTALL_NAME_BASE = "@rpath";
				GENERATE_INFOPLIST_FILE = YES;
				INSTALL_PATH = "$(LOCAL_LIBRARY_DIR)/Frameworks";
				LD_RUNPATH_SEARCH_PATHS = (
					"$(inherited)",
					"@executable_path/Frameworks",
					"@loader_path/Frameworks",
				);
				PRODUCT_BUNDLE_IDENTIFIER = me.muuki.NextGrowingTextView;
				PRODUCT_NAME = "$(TARGET_NAME)";
				SKIP_INSTALL = YES;
				SWIFT_OPTIMIZATION_LEVEL = "-Onone";
			};
			name = Debug;
		};
		4BDB87EF1DC0423F00E70D5B /* Release */ = {
			isa = XCBuildConfiguration;
			buildSettings = {
				CLANG_ENABLE_CODE_COVERAGE = NO;
				CLANG_ENABLE_MODULES = YES;
				CODE_SIGN_IDENTITY = "";
				DEFINES_MODULE = YES;
				DEVELOPMENT_TEAM = KU2QEJ9K3Z;
				DYLIB_COMPATIBILITY_VERSION = 1;
				DYLIB_CURRENT_VERSION = 1;
				DYLIB_INSTALL_NAME_BASE = "@rpath";
				GENERATE_INFOPLIST_FILE = YES;
				INSTALL_PATH = "$(LOCAL_LIBRARY_DIR)/Frameworks";
				LD_RUNPATH_SEARCH_PATHS = (
					"$(inherited)",
					"@executable_path/Frameworks",
					"@loader_path/Frameworks",
				);
				PRODUCT_BUNDLE_IDENTIFIER = me.muuki.NextGrowingTextView;
				PRODUCT_NAME = "$(TARGET_NAME)";
				SKIP_INSTALL = YES;
			};
			name = Release;
		};
/* End XCBuildConfiguration section */

/* Begin XCConfigurationList section */
		4B26B0E927CF761800DDBEC0 /* Build configuration list for PBXNativeTarget "NextGrowingTextView-Demo" */ = {
			isa = XCConfigurationList;
			buildConfigurations = (
				4B26B0EA27CF761800DDBEC0 /* Debug */,
				4B26B0EB27CF761800DDBEC0 /* Release */,
			);
			defaultConfigurationIsVisible = 0;
			defaultConfigurationName = Release;
		};
		4BDB87DF1DC0423F00E70D5B /* Build configuration list for PBXProject "NextGrowingTextView" */ = {
			isa = XCConfigurationList;
			buildConfigurations = (
				4BDB87EB1DC0423F00E70D5B /* Debug */,
				4BDB87EC1DC0423F00E70D5B /* Release */,
			);
			defaultConfigurationIsVisible = 0;
			defaultConfigurationName = Release;
		};
		4BDB87ED1DC0423F00E70D5B /* Build configuration list for PBXNativeTarget "NextGrowingTextView" */ = {
			isa = XCConfigurationList;
			buildConfigurations = (
				4BDB87EE1DC0423F00E70D5B /* Debug */,
				4BDB87EF1DC0423F00E70D5B /* Release */,
			);
			defaultConfigurationIsVisible = 0;
			defaultConfigurationName = Release;
		};
/* End XCConfigurationList section */

/* Begin XCRemoteSwiftPackageReference section */
		4B26B0CB27CF606400DDBEC0 /* XCRemoteSwiftPackageReference "Storybook-ios" */ = {
			isa = XCRemoteSwiftPackageReference;
			repositoryURL = "https://github.com/eure/Storybook-ios";
			requirement = {
				kind = upToNextMajorVersion;
				minimumVersion = 1.0.0;
			};
		};
		4B26B0FE27CF77A900DDBEC0 /* XCRemoteSwiftPackageReference "MondrianLayout" */ = {
			isa = XCRemoteSwiftPackageReference;
			repositoryURL = "https://github.com/muukii/MondrianLayout.git";
			requirement = {
				kind = upToNextMajorVersion;
				minimumVersion = 0.9.0;
			};
		};
		4B26B10327CF780F00DDBEC0 /* XCRemoteSwiftPackageReference "CompositionKit" */ = {
			isa = XCRemoteSwiftPackageReference;
			repositoryURL = "https://github.com/muukii/CompositionKit.git";
			requirement = {
				kind = upToNextMajorVersion;
				minimumVersion = 0.2.1;
			};
		};
		4B26B10827CF7A5D00DDBEC0 /* XCRemoteSwiftPackageReference "TypedTextAttributes" */ = {
			isa = XCRemoteSwiftPackageReference;
			repositoryURL = "https://github.com/muukii/TypedTextAttributes.git";
			requirement = {
				kind = upToNextMajorVersion;
				minimumVersion = 1.0.0;
			};
		};
/* End XCRemoteSwiftPackageReference section */

/* Begin XCSwiftPackageProductDependency section */
		4B26B0F327CF767A00DDBEC0 /* StorybookKit */ = {
			isa = XCSwiftPackageProductDependency;
			package = 4B26B0CB27CF606400DDBEC0 /* XCRemoteSwiftPackageReference "Storybook-ios" */;
			productName = StorybookKit;
		};
		4B26B0F527CF767A00DDBEC0 /* StorybookUI */ = {
			isa = XCSwiftPackageProductDependency;
			package = 4B26B0CB27CF606400DDBEC0 /* XCRemoteSwiftPackageReference "Storybook-ios" */;
			productName = StorybookUI;
		};
		4B26B10127CF77B600DDBEC0 /* MondrianLayout */ = {
			isa = XCSwiftPackageProductDependency;
			package = 4B26B0FE27CF77A900DDBEC0 /* XCRemoteSwiftPackageReference "MondrianLayout" */;
			productName = MondrianLayout;
		};
		4B26B10627CF782000DDBEC0 /* CompositionKit */ = {
			isa = XCSwiftPackageProductDependency;
			package = 4B26B10327CF780F00DDBEC0 /* XCRemoteSwiftPackageReference "CompositionKit" */;
			productName = CompositionKit;
		};
		4B26B10B27CF7A6B00DDBEC0 /* TypedTextAttributes */ = {
			isa = XCSwiftPackageProductDependency;
			package = 4B26B10827CF7A5D00DDBEC0 /* XCRemoteSwiftPackageReference "TypedTextAttributes" */;
			productName = TypedTextAttributes;
		};
/* End XCSwiftPackageProductDependency section */
	};
	rootObject = 4BDB87DC1DC0423F00E70D5B /* Project object */;
}
